{
  "requires": true,
  "lockfileVersion": 1,
  "dependencies": {
    "install": {
      "version": "0.13.0",
      "resolved": "https://registry.npmjs.org/install/-/install-0.13.0.tgz",
      "integrity": "sha512-zDml/jzr2PKU9I8J/xyZBQn8rPCAY//UOYNmR01XwNwyfhEWObo2SWfSl1+0tm1u6PhxLwDnfsT/6jB7OUxqFA==",
      "dev": true
    },
    "prettier": {
      "version": "2.4.1",
      "resolved": "https://registry.npmjs.org/prettier/-/prettier-2.4.1.tgz",
      "integrity": "sha512-9fbDAXSBcc6Bs1mZrDYb3XKzDLm4EXXL9sC1LqKP5rZkT6KRr/rf9amVUcODVXgguK/isJz0d0hP72WeaKWsvA==",
      "dev": true
    }
  }
}
